
Microsoft Visual Studio Solution File, Format Version 12.00
# Visual Studio Version 17
VisualStudioVersion = 17.7.34202.233
MinimumVisualStudioVersion = 10.0.40219.1
Project("{FAE04EC0-301F-11D3-BF4B-00C04F79EFBC}") = "SP.Sales.Shared", "SP.Sales.Shared\SP.Sales.Shared.csproj", "{9994FBE7-0253-445F-88AB-9037180A3C54}"
EndProject
Project("{FAE04EC0-301F-11D3-BF4B-00C04F79EFBC}") = "SP.Sales.API", "SP.Sales.API\SP.Sales.API.csproj", "{9267A125-1434-4F04-85B3-5D6B658B5AED}"
EndProject
Project("{FAE04EC0-301F-11D3-BF4B-00C04F79EFBC}") = "SP.Sales.WEB", "SP.Sales.WEB\SP.Sales.WEB.csproj", "{F26DCA86-A1B3-4499-9130-B624E6B0ABA9}"
EndProject
Project("{FAE04EC0-301F-11D3-BF4B-00C04F79EFBC}") = "SP.Sales.Mobile", "SP.Sales.Mobile\SP.Sales.Mobile.csproj", "{E79043FC-5890-48FA-A023-731E2CEA8719}"
EndProject
Global
	GlobalSection(SolutionConfigurationPlatforms) = preSolution
		Debug|Any CPU = Debug|Any CPU
		Release|Any CPU = Release|Any CPU
	EndGlobalSection
	GlobalSection(ProjectConfigurationPlatforms) = postSolution
		{9994FBE7-0253-445F-88AB-9037180A3C54}.Debug|Any CPU.ActiveCfg = Debug|Any CPU
		{9994FBE7-0253-445F-88AB-9037180A3C54}.Debug|Any CPU.Build.0 = Debug|Any CPU
		{9994FBE7-0253-445F-88AB-9037180A3C54}.Release|Any CPU.ActiveCfg = Release|Any CPU
		{9994FBE7-0253-445F-88AB-9037180A3C54}.Release|Any CPU.Build.0 = Release|Any CPU
		{9267A125-1434-4F04-85B3-5D6B658B5AED}.Debug|Any CPU.ActiveCfg = Debug|Any CPU
		{9267A125-1434-4F04-85B3-5D6B658B5AED}.Debug|Any CPU.Build.0 = Debug|Any CPU
		{9267A125-1434-4F04-85B3-5D6B658B5AED}.Release|Any CPU.ActiveCfg = Release|Any CPU
		{9267A125-1434-4F04-85B3-5D6B658B5AED}.Release|Any CPU.Build.0 = Release|Any CPU
		{F26DCA86-A1B3-4499-9130-B624E6B0ABA9}.Debug|Any CPU.ActiveCfg = Debug|Any CPU
		{F26DCA86-A1B3-4499-9130-B624E6B0ABA9}.Debug|Any CPU.Build.0 = Debug|Any CPU
		{F26DCA86-A1B3-4499-9130-B624E6B0ABA9}.Release|Any CPU.ActiveCfg = Release|Any CPU
		{F26DCA86-A1B3-4499-9130-B624E6B0ABA9}.Release|Any CPU.Build.0 = Release|Any CPU
		{E79043FC-5890-48FA-A023-731E2CEA8719}.Debug|Any CPU.ActiveCfg = Debug|Any CPU
		{E79043FC-5890-48FA-A023-731E2CEA8719}.Debug|Any CPU.Build.0 = Debug|Any CPU
		{E79043FC-5890-48FA-A023-731E2CEA8719}.Debug|Any CPU.Deploy.0 = Debug|Any CPU
		{E79043FC-5890-48FA-A023-731E2CEA8719}.Release|Any CPU.ActiveCfg = Release|Any CPU
		{E79043FC-5890-48FA-A023-731E2CEA8719}.Release|Any CPU.Build.0 = Release|Any CPU
		{E79043FC-5890-48FA-A023-731E2CEA8719}.Release|Any CPU.Deploy.0 = Release|Any CPU
	EndGlobalSection
	GlobalSection(SolutionProperties) = preSolution
		HideSolutionNode = FALSE
	EndGlobalSection
	GlobalSection(ExtensibilityGlobals) = postSolution
		SolutionGuid = {3FB582B9-CFD2-43BA-BD0A-DE2286DD5B34}
	EndGlobalSection
EndGlobal
